// !$*UTF8*$!
{
	archiveVersion = 1;
	classes = {
	};
	objectVersion = 77;
	objects = {

/* Begin PBXContainerItemProxy section */
		5C9E5D052D919E62004D12B8 /* PBXContainerItemProxy */ = {
			isa = PBXContainerItemProxy;
			containerPortal = 5C9E5CEC2D919E61004D12B8 /* Project object */;
			proxyType = 1;
			remoteGlobalIDString = 5C9E5CF32D919E61004D12B8;
			remoteInfo = "TypeFighter-v3";
		};
		5C9E5D0F2D919E62004D12B8 /* PBXContainerItemProxy */ = {
			isa = PBXContainerItemProxy;
			containerPortal = 5C9E5CEC2D919E61004D12B8 /* Project object */;
			proxyType = 1;
			remoteGlobalIDString = 5C9E5CF32D919E61004D12B8;
			remoteInfo = "TypeFighter-v3";
		};
/* End PBXContainerItemProxy section */

/* Begin PBXFileReference section */
		5C9E5CF42D919E61004D12B8 /* TypeFighter-v3.app */ = {isa = PBXFileReference; explicitFileType = wrapper.application; includeInIndex = 0; path = "TypeFighter-v3.app"; sourceTree = BUILT_PRODUCTS_DIR; };
		5C9E5D042D919E62004D12B8 /* TypeFighter-v3Tests.xctest */ = {isa = PBXFileReference; explicitFileType = wrapper.cfbundle; includeInIndex = 0; path = "TypeFighter-v3Tests.xctest"; sourceTree = BUILT_PRODUCTS_DIR; };
		5C9E5D0E2D919E62004D12B8 /* TypeFighter-v3UITests.xctest */ = {isa = PBXFileReference; explicitFileType = wrapper.cfbundle; includeInIndex = 0; path = "TypeFighter-v3UITests.xctest"; sourceTree = BUILT_PRODUCTS_DIR; };
/* End PBXFileReference section */

/* Begin PBXFileSystemSynchronizedRootGroup section */
		5C9E5CF62D919E61004D12B8 /* TypeFighter-v3 */ = {
			isa = PBXFileSystemSynchronizedRootGroup;
			path = "TypeFighter-v3";
			sourceTree = "<group>";
		};
		5C9E5D072D919E62004D12B8 /* TypeFighter-v3Tests */ = {
			isa = PBXFileSystemSynchronizedRootGroup;
			path = "TypeFighter-v3Tests";
			sourceTree = "<group>";
		};
		5C9E5D112D919E62004D12B8 /* TypeFighter-v3UITests */ = {
			isa = PBXFileSystemSynchronizedRootGroup;
			path = "TypeFighter-v3UITests";
			sourceTree = "<group>";
		};
/* End PBXFileSystemSynchronizedRootGroup section */

/* Begin PBXFrameworksBuildPhase section */
		5C9E5CF12D919E61004D12B8 /* Frameworks */ = {
			isa = PBXFrameworksBuildPhase;
			buildActionMask = 2147483647;
			files = (
			);
			runOnlyForDeploymentPostprocessing = 0;
		};
		5C9E5D012D919E62004D12B8 /* Frameworks */ = {
			isa = PBXFrameworksBuildPhase;
			buildActionMask = 2147483647;
			files = (
			);
			runOnlyForDeploymentPostprocessing = 0;
		};
		5C9E5D0B2D919E62004D12B8 /* Frameworks */ = {
			isa = PBXFrameworksBuildPhase;
			buildActionMask = 2147483647;
			files = (
			);
			runOnlyForDeploymentPostprocessing = 0;
		};
/* End PBXFrameworksBuildPhase section */

/* Begin PBXGroup section */
		5C9E5CEB2D919E61004D12B8 = {
			isa = PBXGroup;
			children = (
				5C9E5CF62D919E61004D12B8 /* TypeFighter-v3 */,
				5C9E5D072D919E62004D12B8 /* TypeFighter-v3Tests */,
				5C9E5D112D919E62004D12B8 /* TypeFighter-v3UITests */,
				5C9E5CF52D919E61004D12B8 /* Products */,
			);
			sourceTree = "<group>";
		};
		5C9E5CF52D919E61004D12B8 /* Products */ = {
			isa = PBXGroup;
			children = (
				5C9E5CF42D919E61004D12B8 /* TypeFighter-v3.app */,
				5C9E5D042D919E62004D12B8 /* TypeFighter-v3Tests.xctest */,
				5C9E5D0E2D919E62004D12B8 /* TypeFighter-v3UITests.xctest */,
			);
			name = Products;
			sourceTree = "<group>";
		};
/* End PBXGroup section */

/* Begin PBXNativeTarget section */
		5C9E5CF32D919E61004D12B8 /* TypeFighter-v3 */ = {
			isa = PBXNativeTarget;
			buildConfigurationList = 5C9E5D182D919E62004D12B8 /* Build configuration list for PBXNativeTarget "TypeFighter-v3" */;
			buildPhases = (
				5C9E5CF02D919E61004D12B8 /* Sources */,
				5C9E5CF12D919E61004D12B8 /* Frameworks */,
				5C9E5CF22D919E61004D12B8 /* Resources */,
			);
			buildRules = (
			);
			dependencies = (
			);
			fileSystemSynchronizedGroups = (
				5C9E5CF62D919E61004D12B8 /* TypeFighter-v3 */,
			);
			name = "TypeFighter-v3";
			packageProductDependencies = (
			);
			productName = "TypeFighter-v3";
			productReference = 5C9E5CF42D919E61004D12B8 /* TypeFighter-v3.app */;
			productType = "com.apple.product-type.application";
		};
		5C9E5D032D919E62004D12B8 /* TypeFighter-v3Tests */ = {
			isa = PBXNativeTarget;
			buildConfigurationList = 5C9E5D1B2D919E62004D12B8 /* Build configuration list for PBXNativeTarget "TypeFighter-v3Tests" */;
			buildPhases = (
				5C9E5D002D919E62004D12B8 /* Sources */,
				5C9E5D012D919E62004D12B8 /* Frameworks */,
				5C9E5D022D919E62004D12B8 /* Resources */,
			);
			buildRules = (
			);
			dependencies = (
				5C9E5D062D919E62004D12B8 /* PBXTargetDependency */,
			);
			fileSystemSynchronizedGroups = (
				5C9E5D072D919E62004D12B8 /* TypeFighter-v3Tests */,
			);
			name = "TypeFighter-v3Tests";
			packageProductDependencies = (
			);
			productName = "TypeFighter-v3Tests";
			productReference = 5C9E5D042D919E62004D12B8 /* TypeFighter-v3Tests.xctest */;
			productType = "com.apple.product-type.bundle.unit-test";
		};
		5C9E5D0D2D919E62004D12B8 /* TypeFighter-v3UITests */ = {
			isa = PBXNativeTarget;
			buildConfigurationList = 5C9E5D1E2D919E62004D12B8 /* Build configuration list for PBXNativeTarget "TypeFighter-v3UITests" */;
			buildPhases = (
				5C9E5D0A2D919E62004D12B8 /* Sources */,
				5C9E5D0B2D919E62004D12B8 /* Frameworks */,
				5C9E5D0C2D919E62004D12B8 /* Resources */,
			);
			buildRules = (
			);
			dependencies = (
				5C9E5D102D919E62004D12B8 /* PBXTargetDependency */,
			);
			fileSystemSynchronizedGroups = (
				5C9E5D112D919E62004D12B8 /* TypeFighter-v3UITests */,
			);
			name = "TypeFighter-v3UITests";
			packageProductDependencies = (
			);
			productName = "TypeFighter-v3UITests";
			productReference = 5C9E5D0E2D919E62004D12B8 /* TypeFighter-v3UITests.xctest */;
			productType = "com.apple.product-type.bundle.ui-testing";
		};
/* End PBXNativeTarget section */

/* Begin PBXProject section */
		5C9E5CEC2D919E61004D12B8 /* Project object */ = {
			isa = PBXProject;
			attributes = {
				BuildIndependentTargetsInParallel = 1;
				LastSwiftUpdateCheck = 1600;
				LastUpgradeCheck = 1600;
				TargetAttributes = {
					5C9E5CF32D919E61004D12B8 = {
						CreatedOnToolsVersion = 16.0;
					};
					5C9E5D032D919E62004D12B8 = {
						CreatedOnToolsVersion = 16.0;
						TestTargetID = 5C9E5CF32D919E61004D12B8;
					};
					5C9E5D0D2D919E62004D12B8 = {
						CreatedOnToolsVersion = 16.0;
						TestTargetID = 5C9E5CF32D919E61004D12B8;
					};
				};
			};
			buildConfigurationList = 5C9E5CEF2D919E61004D12B8 /* Build configuration list for PBXProject "TypeFighter-v3" */;
			developmentRegion = en;
			hasScannedForEncodings = 0;
			knownRegions = (
				en,
				Base,
			);
			mainGroup = 5C9E5CEB2D919E61004D12B8;
			minimizedProjectReferenceProxies = 1;
			preferredProjectObjectVersion = 77;
			productRefGroup = 5C9E5CF52D919E61004D12B8 /* Products */;
			projectDirPath = "";
			projectRoot = "";
			targets = (
				5C9E5CF32D919E61004D12B8 /* TypeFighter-v3 */,
				5C9E5D032D919E62004D12B8 /* TypeFighter-v3Tests */,
				5C9E5D0D2D919E62004D12B8 /* TypeFighter-v3UITests */,
			);
		};
/* End PBXProject section */

/* Begin PBXResourcesBuildPhase section */
		5C9E5CF22D919E61004D12B8 /* Resources */ = {
			isa = PBXResourcesBuildPhase;
			buildActionMask = 2147483647;
			files = (
			);
			runOnlyForDeploymentPostprocessing = 0;
		};
		5C9E5D022D919E62004D12B8 /* Resources */ = {
			isa = PBXResourcesBuildPhase;
			buildActionMask = 2147483647;
			files = (
			);
			runOnlyForDeploymentPostprocessing = 0;
		};
		5C9E5D0C2D919E62004D12B8 /* Resources */ = {
			isa = PBXResourcesBuildPhase;
			buildActionMask = 2147483647;
			files = (
			);
			runOnlyForDeploymentPostprocessing = 0;
		};
/* End PBXResourcesBuildPhase section */

/* Begin PBXSourcesBuildPhase section */
		5C9E5CF02D919E61004D12B8 /* Sources */ = {
			isa = PBXSourcesBuildPhase;
			buildActionMask = 2147483647;
			files = (
			);
			runOnlyForDeploymentPostprocessing = 0;
		};
		5C9E5D002D919E62004D12B8 /* Sources */ = {
			isa = PBXSourcesBuildPhase;
			buildActionMask = 2147483647;
			files = (
			);
			runOnlyForDeploymentPostprocessing = 0;
		};
		5C9E5D0A2D919E62004D12B8 /* Sources */ = {
			isa = PBXSourcesBuildPhase;
			buildActionMask = 2147483647;
			files = (
			);
			runOnlyForDeploymentPostprocessing = 0;
		};
/* End PBXSourcesBuildPhase section */

/* Begin PBXTargetDependency section */
		5C9E5D062D919E62004D12B8 /* PBXTargetDependency */ = {
			isa = PBXTargetDependency;
			target = 5C9E5CF32D919E61004D12B8 /* TypeFighter-v3 */;
			targetProxy = 5C9E5D052D919E62004D12B8 /* PBXContainerItemProxy */;
		};
		5C9E5D102D919E62004D12B8 /* PBXTargetDependency */ = {
			isa = PBXTargetDependency;
			target = 5C9E5CF32D919E61004D12B8 /* TypeFighter-v3 */;
			targetProxy = 5C9E5D0F2D919E62004D12B8 /* PBXContainerItemProxy */;
		};
/* End PBXTargetDependency section */

/* Begin XCBuildConfiguration section */
		5C9E5D162D919E62004D12B8 /* Debug */ = {
			isa = XCBuildConfiguration;
			buildSettings = {
				ALWAYS_SEARCH_USER_PATHS = NO;
				ASSETCATALOG_COMPILER_GENERATE_SWIFT_ASSET_SYMBOL_EXTENSIONS = YES;
				CLANG_ANALYZER_NONNULL = YES;
				CLANG_ANALYZER_NUMBER_OBJECT_CONVERSION = YES_AGGRESSIVE;
				CLANG_CXX_LANGUAGE_STANDARD = "gnu++20";
				CLANG_ENABLE_MODULES = YES;
				CLANG_ENABLE_OBJC_ARC = YES;
				CLANG_ENABLE_OBJC_WEAK = YES;
				CLANG_WARN_BLOCK_CAPTURE_AUTORELEASING = YES;
				CLANG_WARN_BOOL_CONVERSION = YES;
				CLANG_WARN_COMMA = YES;
				CLANG_WARN_CONSTANT_CONVERSION = YES;
				CLANG_WARN_DEPRECATED_OBJC_IMPLEMENTATIONS = YES;
				CLANG_WARN_DIRECT_OBJC_ISA_USAGE = YES_ERROR;
				CLANG_WARN_DOCUMENTATION_COMMENTS = YES;
				CLANG_WARN_EMPTY_BODY = YES;
				CLANG_WARN_ENUM_CONVERSION = YES;
				CLANG_WARN_INFINITE_RECURSION = YES;
				CLANG_WARN_INT_CONVERSION = YES;
				CLANG_WARN_NON_LITERAL_NULL_CONVERSION = YES;
				CLANG_WARN_OBJC_IMPLICIT_RETAIN_SELF = YES;
				CLANG_WARN_OBJC_LITERAL_CONVERSION = YES;
				CLANG_WARN_OBJC_ROOT_CLASS = YES_ERROR;
				CLANG_WARN_QUOTED_INCLUDE_IN_FRAMEWORK_HEADER = YES;
				CLANG_WARN_RANGE_LOOP_ANALYSIS = YES;
				CLANG_WARN_STRICT_PROTOTYPES = YES;
				CLANG_WARN_SUSPICIOUS_MOVE = YES;
				CLANG_WARN_UNGUARDED_AVAILABILITY = YES_AGGRESSIVE;
				CLANG_WARN_UNREACHABLE_CODE = YES;
				CLANG_WARN__DUPLICATE_METHOD_MATCH = YES;
				COPY_PHASE_STRIP = NO;
				DEBUG_INFORMATION_FORMAT = dwarf;
				ENABLE_STRICT_OBJC_MSGSEND = YES;
				ENABLE_TESTABILITY = YES;
				ENABLE_USER_SCRIPT_SANDBOXING = YES;
				GCC_C_LANGUAGE_STANDARD = gnu17;
				GCC_DYNAMIC_NO_PIC = NO;
				GCC_NO_COMMON_BLOCKS = YES;
				GCC_OPTIMIZATION_LEVEL = 0;
				GCC_PREPROCESSOR_DEFINITIONS = (
					"DEBUG=1",
					"$(inherited)",
				);
				GCC_WARN_64_TO_32_BIT_CONVERSION = YES;
				GCC_WARN_ABOUT_RETURN_TYPE = YES_ERROR;
				GCC_WARN_UNDECLARED_SELECTOR = YES;
				GCC_WARN_UNINITIALIZED_AUTOS = YES_AGGRESSIVE;
				GCC_WARN_UNUSED_FUNCTION = YES;
				GCC_WARN_UNUSED_VARIABLE = YES;
				IPHONEOS_DEPLOYMENT_TARGET = 18.0;
				LOCALIZATION_PREFERS_STRING_CATALOGS = YES;
				MTL_ENABLE_DEBUG_INFO = INCLUDE_SOURCE;
				MTL_FAST_MATH = YES;
				ONLY_ACTIVE_ARCH = YES;
				SDKROOT = iphoneos;
				SWIFT_ACTIVE_COMPILATION_CONDITIONS = "DEBUG $(inherited)";
				SWIFT_OPTIMIZATION_LEVEL = "-Onone";
			};
			name = Debug;
		};
		5C9E5D172D919E62004D12B8 /* Release */ = {
			isa = XCBuildConfiguration;
			buildSettings = {
				ALWAYS_SEARCH_USER_PATHS = NO;
				ASSETCATALOG_COMPILER_GENERATE_SWIFT_ASSET_SYMBOL_EXTENSIONS = YES;
				CLANG_ANALYZER_NONNULL = YES;
				CLANG_ANALYZER_NUMBER_OBJECT_CONVERSION = YES_AGGRESSIVE;
				CLANG_CXX_LANGUAGE_STANDARD = "gnu++20";
				CLANG_ENABLE_MODULES = YES;
				CLANG_ENABLE_OBJC_ARC = YES;
				CLANG_ENABLE_OBJC_WEAK = YES;
				CLANG_WARN_BLOCK_CAPTURE_AUTORELEASING = YES;
				CLANG_WARN_BOOL_CONVERSION = YES;
				CLANG_WARN_COMMA = YES;
				CLANG_WARN_CONSTANT_CONVERSION = YES;
				CLANG_WARN_DEPRECATED_OBJC_IMPLEMENTATIONS = YES;
				CLANG_WARN_DIRECT_OBJC_ISA_USAGE = YES_ERROR;
				CLANG_WARN_DOCUMENTATION_COMMENTS = YES;
				CLANG_WARN_EMPTY_BODY = YES;
				CLANG_WARN_ENUM_CONVERSION = YES;
				CLANG_WARN_INFINITE_RECURSION = YES;
				CLANG_WARN_INT_CONVERSION = YES;
				CLANG_WARN_NON_LITERAL_NULL_CONVERSION = YES;
				CLANG_WARN_OBJC_IMPLICIT_RETAIN_SELF = YES;
				CLANG_WARN_OBJC_LITERAL_CONVERSION = YES;
				CLANG_WARN_OBJC_ROOT_CLASS = YES_ERROR;
				CLANG_WARN_QUOTED_INCLUDE_IN_FRAMEWORK_HEADER = YES;
				CLANG_WARN_RANGE_LOOP_ANALYSIS = YES;
				CLANG_WARN_STRICT_PROTOTYPES = YES;
				CLANG_WARN_SUSPICIOUS_MOVE = YES;
				CLANG_WARN_UNGUARDED_AVAILABILITY = YES_AGGRESSIVE;
				CLANG_WARN_UNREACHABLE_CODE = YES;
				CLANG_WARN__DUPLICATE_METHOD_MATCH = YES;
				COPY_PHASE_STRIP = NO;
				DEBUG_INFORMATION_FORMAT = "dwarf-with-dsym";
				ENABLE_NS_ASSERTIONS = NO;
				ENABLE_STRICT_OBJC_MSGSEND = YES;
				ENABLE_USER_SCRIPT_SANDBOXING = YES;
				GCC_C_LANGUAGE_STANDARD = gnu17;
				GCC_NO_COMMON_BLOCKS = YES;
				GCC_WARN_64_TO_32_BIT_CONVERSION = YES;
				GCC_WARN_ABOUT_RETURN_TYPE = YES_ERROR;
				GCC_WARN_UNDECLARED_SELECTOR = YES;
				GCC_WARN_UNINITIALIZED_AUTOS = YES_AGGRESSIVE;
				GCC_WARN_UNUSED_FUNCTION = YES;
				GCC_WARN_UNUSED_VARIABLE = YES;
				IPHONEOS_DEPLOYMENT_TARGET = 18.0;
				LOCALIZATION_PREFERS_STRING_CATALOGS = YES;
				MTL_ENABLE_DEBUG_INFO = NO;
				MTL_FAST_MATH = YES;
				SDKROOT = iphoneos;
				SWIFT_COMPILATION_MODE = wholemodule;
				VALIDATE_PRODUCT = YES;
			};
			name = Release;
		};
		5C9E5D192D919E62004D12B8 /* Debug */ = {
			isa = XCBuildConfiguration;
			buildSettings = {
				ASSETCATALOG_COMPILER_APPICON_NAME = AppIcon;
				ASSETCATALOG_COMPILER_GLOBAL_ACCENT_COLOR_NAME = AccentColor;
				CODE_SIGN_STYLE = Automatic;
				CURRENT_PROJECT_VERSION = 1;
				DEVELOPMENT_ASSET_PATHS = "\"TypeFighter-v3/Preview Content\"";
				DEVELOPMENT_TEAM = CH5SPF6555;
				ENABLE_PREVIEWS = YES;
				GENERATE_INFOPLIST_FILE = YES;
				INFOPLIST_KEY_UIApplicationSceneManifest_Generation = YES;
				INFOPLIST_KEY_UIApplicationSupportsIndirectInputEvents = YES;
				INFOPLIST_KEY_UILaunchScreen_Generation = YES;
				INFOPLIST_KEY_UISupportedInterfaceOrientations_iPad = "UIInterfaceOrientationPortrait UIInterfaceOrientationPortraitUpsideDown UIInterfaceOrientationLandscapeLeft UIInterfaceOrientationLandscapeRight";
				INFOPLIST_KEY_UISupportedInterfaceOrientations_iPhone = "UIInterfaceOrientationPortrait UIInterfaceOrientationLandscapeLeft UIInterfaceOrientationLandscapeRight";
				LD_RUNPATH_SEARCH_PATHS = (
					"$(inherited)",
					"@executable_path/Frameworks",
				);
				MARKETING_VERSION = 1.0;
				PRODUCT_BUNDLE_IDENTIFIER = "Aksel.TypeFighter-v3";
				PRODUCT_NAME = "$(TARGET_NAME)";
				SWIFT_EMIT_LOC_STRINGS = YES;
				SWIFT_VERSION = 5.0;
				TARGETED_DEVICE_FAMILY = "1,2";
			};
			name = Debug;
		};
		5C9E5D1A2D919E62004D12B8 /* Release */ = {
			isa = XCBuildConfiguration;
			buildSettings = {
				ASSETCATALOG_COMPILER_APPICON_NAME = AppIcon;
				ASSETCATALOG_COMPILER_GLOBAL_ACCENT_COLOR_NAME = AccentColor;
				CODE_SIGN_STYLE = Automatic;
				CURRENT_PROJECT_VERSION = 1;
				DEVELOPMENT_ASSET_PATHS = "\"TypeFighter-v3/Preview Content\"";
				DEVELOPMENT_TEAM = CH5SPF6555;
				ENABLE_PREVIEWS = YES;
				GENERATE_INFOPLIST_FILE = YES;
				INFOPLIST_KEY_UIApplicationSceneManifest_Generation = YES;
				INFOPLIST_KEY_UIApplicationSupportsIndirectInputEvents = YES;
				INFOPLIST_KEY_UILaunchScreen_Generation = YES;
				INFOPLIST_KEY_UISupportedInterfaceOrientations_iPad = "UIInterfaceOrientationPortrait UIInterfaceOrientationPortraitUpsideDown UIInterfaceOrientationLandscapeLeft UIInterfaceOrientationLandscapeRight";
				INFOPLIST_KEY_UISupportedInterfaceOrientations_iPhone = "UIInterfaceOrientationPortrait UIInterfaceOrientationLandscapeLeft UIInterfaceOrientationLandscapeRight";
				LD_RUNPATH_SEARCH_PATHS = (
					"$(inherited)",
					"@executable_path/Frameworks",
				);
				MARKETING_VERSION = 1.0;
				PRODUCT_BUNDLE_IDENTIFIER = "Aksel.TypeFighter-v3";
				PRODUCT_NAME = "$(TARGET_NAME)";
				SWIFT_EMIT_LOC_STRINGS = YES;
				SWIFT_VERSION = 5.0;
				TARGETED_DEVICE_FAMILY = "1,2";
			};
			name = Release;
		};
		5C9E5D1C2D919E62004D12B8 /* Debug */ = {
			isa = XCBuildConfiguration;
			buildSettings = {
				BUNDLE_LOADER = "$(TEST_HOST)";
				CODE_SIGN_STYLE = Automatic;
				CURRENT_PROJECT_VERSION = 1;
				DEVELOPMENT_TEAM = CH5SPF6555;
				GENERATE_INFOPLIST_FILE = YES;
				IPHONEOS_DEPLOYMENT_TARGET = 18.0;
				MARKETING_VERSION = 1.0;
				PRODUCT_BUNDLE_IDENTIFIER = "Aksel.TypeFighter-v3Tests";
				PRODUCT_NAME = "$(TARGET_NAME)";
				SWIFT_EMIT_LOC_STRINGS = NO;
				SWIFT_VERSION = 5.0;
				TARGETED_DEVICE_FAMILY = "1,2";
				TEST_HOST = "$(BUILT_PRODUCTS_DIR)/TypeFighter-v3.app/$(BUNDLE_EXECUTABLE_FOLDER_PATH)/TypeFighter-v3";
			};
			name = Debug;
		};
		5C9E5D1D2D919E62004D12B8 /* Release */ = {
			isa = XCBuildConfiguration;
			buildSettings = {
				BUNDLE_LOADER = "$(TEST_HOST)";
				CODE_SIGN_STYLE = Automatic;
				CURRENT_PROJECT_VERSION = 1;
				DEVELOPMENT_TEAM = CH5SPF6555;
				GENERATE_INFOPLIST_FILE = YES;
				IPHONEOS_DEPLOYMENT_TARGET = 18.0;
				MARKETING_VERSION = 1.0;
				PRODUCT_BUNDLE_IDENTIFIER = "Aksel.TypeFighter-v3Tests";
				PRODUCT_NAME = "$(TARGET_NAME)";
				SWIFT_EMIT_LOC_STRINGS = NO;
				SWIFT_VERSION = 5.0;
				TARGETED_DEVICE_FAMILY = "1,2";
				TEST_HOST = "$(BUILT_PRODUCTS_DIR)/TypeFighter-v3.app/$(BUNDLE_EXECUTABLE_FOLDER_PATH)/TypeFighter-v3";
			};
			name = Release;
		};
		5C9E5D1F2D919E62004D12B8 /* Debug */ = {
			isa = XCBuildConfiguration;
			buildSettings = {
				CODE_SIGN_STYLE = Automatic;
				CURRENT_PROJECT_VERSION = 1;
				DEVELOPMENT_TEAM = CH5SPF6555;
				GENERATE_INFOPLIST_FILE = YES;
				MARKETING_VERSION = 1.0;
				PRODUCT_BUNDLE_IDENTIFIER = "Aksel.TypeFighter-v3UITests";
				PRODUCT_NAME = "$(TARGET_NAME)";
				SWIFT_EMIT_LOC_STRINGS = NO;
				SWIFT_VERSION = 5.0;
				TARGETED_DEVICE_FAMILY = "1,2";
				TEST_TARGET_NAME = "TypeFighter-v3";
			};
			name = Debug;
		};
		5C9E5D202D919E62004D12B8 /* Release */ = {
			isa = XCBuildConfiguration;
			buildSettings = {
				CODE_SIGN_STYLE = Automatic;
				CURRENT_PROJECT_VERSION = 1;
				DEVELOPMENT_TEAM = CH5SPF6555;
				GENERATE_INFOPLIST_FILE = YES;
				MARKETING_VERSION = 1.0;
				PRODUCT_BUNDLE_IDENTIFIER = "Aksel.TypeFighter-v3UITests";
				PRODUCT_NAME = "$(TARGET_NAME)";
				SWIFT_EMIT_LOC_STRINGS = NO;
				SWIFT_VERSION = 5.0;
				TARGETED_DEVICE_FAMILY = "1,2";
				TEST_TARGET_NAME = "TypeFighter-v3";
			};
			name = Release;
		};
/* End XCBuildConfiguration section */

/* Begin XCConfigurationList section */
		5C9E5CEF2D919E61004D12B8 /* Build configuration list for PBXProject "TypeFighter-v3" */ = {
			isa = XCConfigurationList;
			buildConfigurations = (
				5C9E5D162D919E62004D12B8 /* Debug */,
				5C9E5D172D919E62004D12B8 /* Release */,
			);
			defaultConfigurationIsVisible = 0;
			defaultConfigurationName = Release;
		};
		5C9E5D182D919E62004D12B8 /* Build configuration list for PBXNativeTarget "TypeFighter-v3" */ = {
			isa = XCConfigurationList;
			buildConfigurations = (
				5C9E5D192D919E62004D12B8 /* Debug */,
				5C9E5D1A2D919E62004D12B8 /* Release */,
			);
			defaultConfigurationIsVisible = 0;
			defaultConfigurationName = Release;
		};
		5C9E5D1B2D919E62004D12B8 /* Build configuration list for PBXNativeTarget "TypeFighter-v3Tests" */ = {
			isa = XCConfigurationList;
			buildConfigurations = (
				5C9E5D1C2D919E62004D12B8 /* Debug */,
				5C9E5D1D2D919E62004D12B8 /* Release */,
			);
			defaultConfigurationIsVisible = 0;
			defaultConfigurationName = Release;
		};
		5C9E5D1E2D919E62004D12B8 /* Build configuration list for PBXNativeTarget "TypeFighter-v3UITests" */ = {
			isa = XCConfigurationList;
			buildConfigurations = (
				5C9E5D1F2D919E62004D12B8 /* Debug */,
				5C9E5D202D919E62004D12B8 /* Release */,
			);
			defaultConfigurationIsVisible = 0;
			defaultConfigurationName = Release;
		};
/* End XCConfigurationList section */
	};
	rootObject = 5C9E5CEC2D919E61004D12B8 /* Project object */;
}
